// !$*UTF8*$!
{
	archiveVersion = 1;
	classes = {
	};
	objectVersion = 46;
	objects = {

/* Begin PBXBuildFile section */
		049046721BAA7C8D007EE676 /* AppDelegate.m in Sources */ = {isa = PBXBuildFile; fileRef = 049046711BAA7C8D007EE676 /* AppDelegate.m */; };
		049046741BAA7C8D007EE676 /* main.m in Sources */ = {isa = PBXBuildFile; fileRef = 049046731BAA7C8D007EE676 /* main.m */; };
		049046771BAA7C8D007EE676 /* ViewController.m in Sources */ = {isa = PBXBuildFile; fileRef = 049046761BAA7C8D007EE676 /* ViewController.m */; };
		049046791BAA7C8D007EE676 /* Images.xcassets in Resources */ = {isa = PBXBuildFile; fileRef = 049046781BAA7C8D007EE676 /* Images.xcassets */; };
		0490467C1BAA7C8D007EE676 /* Main.storyboard in Resources */ = {isa = PBXBuildFile; fileRef = 0490467A1BAA7C8D007EE676 /* Main.storyboard */; };
		049046881BAA7C8D007EE676 /* KMP1Tests.m in Sources */ = {isa = PBXBuildFile; fileRef = 049046871BAA7C8D007EE676 /* KMP1Tests.m */; };
/* End PBXBuildFile section */

/* Begin PBXContainerItemProxy section */
		049046821BAA7C8D007EE676 /* PBXContainerItemProxy */ = {
			isa = PBXContainerItemProxy;
			containerPortal = 049046631BAA7C8D007EE676 /* Project object */;
			proxyType = 1;
			remoteGlobalIDString = 0490466A1BAA7C8D007EE676;
			remoteInfo = KMP1;
		};
/* End PBXContainerItemProxy section */

/* Begin PBXFileReference section */
		0490466B1BAA7C8D007EE676 /* KMP1.app */ = {isa = PBXFileReference; explicitFileType = wrapper.application; includeInIndex = 0; path = KMP1.app; sourceTree = BUILT_PRODUCTS_DIR; };
		0490466F1BAA7C8D007EE676 /* Info.plist */ = {isa = PBXFileReference; lastKnownFileType = text.plist.xml; path = Info.plist; sourceTree = "<group>"; };
		049046701BAA7C8D007EE676 /* AppDelegate.h */ = {isa = PBXFileReference; lastKnownFileType = sourcecode.c.h; path = AppDelegate.h; sourceTree = "<group>"; };
		049046711BAA7C8D007EE676 /* AppDelegate.m */ = {isa = PBXFileReference; lastKnownFileType = sourcecode.c.objc; path = AppDelegate.m; sourceTree = "<group>"; };
		049046731BAA7C8D007EE676 /* main.m */ = {isa = PBXFileReference; lastKnownFileType = sourcecode.c.objc; path = main.m; sourceTree = "<group>"; };
		049046751BAA7C8D007EE676 /* ViewController.h */ = {isa = PBXFileReference; lastKnownFileType = sourcecode.c.h; path = ViewController.h; sourceTree = "<group>"; };
		049046761BAA7C8D007EE676 /* ViewController.m */ = {isa = PBXFileReference; lastKnownFileType = sourcecode.c.objc; path = ViewController.m; sourceTree = "<group>"; };
		049046781BAA7C8D007EE676 /* Images.xcassets */ = {isa = PBXFileReference; lastKnownFileType = folder.assetcatalog; path = Images.xcassets; sourceTree = "<group>"; };
		0490467B1BAA7C8D007EE676 /* Base */ = {isa = PBXFileReference; lastKnownFileType = file.storyboard; name = Base; path = Base.lproj/Main.storyboard; sourceTree = "<group>"; };
		049046811BAA7C8D007EE676 /* KMP1Tests.xctest */ = {isa = PBXFileReference; explicitFileType = wrapper.cfbundle; includeInIndex = 0; path = KMP1Tests.xctest; sourceTree = BUILT_PRODUCTS_DIR; };
		049046861BAA7C8D007EE676 /* Info.plist */ = {isa = PBXFileReference; lastKnownFileType = text.plist.xml; path = Info.plist; sourceTree = "<group>"; };
		049046871BAA7C8D007EE676 /* KMP1Tests.m */ = {isa = PBXFileReference; lastKnownFileType = sourcecode.c.objc; path = KMP1Tests.m; sourceTree = "<group>"; };
/* End PBXFileReference section */

/* Begin PBXFrameworksBuildPhase section */
		049046681BAA7C8D007EE676 /* Frameworks */ = {
			isa = PBXFrameworksBuildPhase;
			buildActionMask = 2147483647;
			files = (
			);
			runOnlyForDeploymentPostprocessing = 0;
		};
		0490467E1BAA7C8D007EE676 /* Frameworks */ = {
			isa = PBXFrameworksBuildPhase;
			buildActionMask = 2147483647;
			files = (
			);
			runOnlyForDeploymentPostprocessing = 0;
		};
/* End PBXFrameworksBuildPhase section */

/* Begin PBXGroup section */
		049046621BAA7C8D007EE676 = {
			isa = PBXGroup;
			children = (
				0490466D1BAA7C8D007EE676 /* KMP1 */,
				049046841BAA7C8D007EE676 /* KMP1Tests */,
				0490466C1BAA7C8D007EE676 /* Products */,
			);
			sourceTree = "<group>";
		};
		0490466C1BAA7C8D007EE676 /* Products */ = {
			isa = PBXGroup;
			children = (
				0490466B1BAA7C8D007EE676 /* KMP1.app */,
				049046811BAA7C8D007EE676 /* KMP1Tests.xctest */,
			);
			name = Products;
			sourceTree = "<group>";
		};
		0490466D1BAA7C8D007EE676 /* KMP1 */ = {
			isa = PBXGroup;
			children = (
				049046701BAA7C8D007EE676 /* AppDelegate.h */,
				049046711BAA7C8D007EE676 /* AppDelegate.m */,
				049046751BAA7C8D007EE676 /* ViewController.h */,
				049046761BAA7C8D007EE676 /* ViewController.m */,
				049046781BAA7C8D007EE676 /* Images.xcassets */,
				0490467A1BAA7C8D007EE676 /* Main.storyboard */,
				0490466E1BAA7C8D007EE676 /* Supporting Files */,
			);
			path = KMP1;
			sourceTree = "<group>";
		};
		0490466E1BAA7C8D007EE676 /* Supporting Files */ = {
			isa = PBXGroup;
			children = (
				0490466F1BAA7C8D007EE676 /* Info.plist */,
				049046731BAA7C8D007EE676 /* main.m */,
			);
			name = "Supporting Files";
			sourceTree = "<group>";
		};
		049046841BAA7C8D007EE676 /* KMP1Tests */ = {
			isa = PBXGroup;
			children = (
				049046871BAA7C8D007EE676 /* KMP1Tests.m */,
				049046851BAA7C8D007EE676 /* Supporting Files */,
			);
			path = KMP1Tests;
			sourceTree = "<group>";
		};
		049046851BAA7C8D007EE676 /* Supporting Files */ = {
			isa = PBXGroup;
			children = (
				049046861BAA7C8D007EE676 /* Info.plist */,
			);
			name = "Supporting Files";
			sourceTree = "<group>";
		};
/* End PBXGroup section */

/* Begin PBXNativeTarget section */
		0490466A1BAA7C8D007EE676 /* KMP1 */ = {
			isa = PBXNativeTarget;
			buildConfigurationList = 0490468B1BAA7C8D007EE676 /* Build configuration list for PBXNativeTarget "KMP1" */;
			buildPhases = (
				049046671BAA7C8D007EE676 /* Sources */,
				049046681BAA7C8D007EE676 /* Frameworks */,
				049046691BAA7C8D007EE676 /* Resources */,
			);
			buildRules = (
			);
			dependencies = (
			);
			name = KMP1;
			productName = KMP1;
			productReference = 0490466B1BAA7C8D007EE676 /* KMP1.app */;
			productType = "com.apple.product-type.application";
		};
		049046801BAA7C8D007EE676 /* KMP1Tests */ = {
			isa = PBXNativeTarget;
			buildConfigurationList = 0490468E1BAA7C8D007EE676 /* Build configuration list for PBXNativeTarget "KMP1Tests" */;
			buildPhases = (
				0490467D1BAA7C8D007EE676 /* Sources */,
				0490467E1BAA7C8D007EE676 /* Frameworks */,
				0490467F1BAA7C8D007EE676 /* Resources */,
			);
			buildRules = (
			);
			dependencies = (
				049046831BAA7C8D007EE676 /* PBXTargetDependency */,
			);
			name = KMP1Tests;
			productName = KMP1Tests;
			productReference = 049046811BAA7C8D007EE676 /* KMP1Tests.xctest */;
			productType = "com.apple.product-type.bundle.unit-test";
		};
/* End PBXNativeTarget section */

/* Begin PBXProject section */
		049046631BAA7C8D007EE676 /* Project object */ = {
			isa = PBXProject;
			attributes = {
				LastUpgradeCheck = 0640;
				ORGANIZATIONNAME = mac;
				TargetAttributes = {
					0490466A1BAA7C8D007EE676 = {
						CreatedOnToolsVersion = 6.4;
					};
					049046801BAA7C8D007EE676 = {
						CreatedOnToolsVersion = 6.4;
						TestTargetID = 0490466A1BAA7C8D007EE676;
					};
				};
			};
			buildConfigurationList = 049046661BAA7C8D007EE676 /* Build configuration list for PBXProject "KMP1" */;
			compatibilityVersion = "Xcode 3.2";
			developmentRegion = English;
			hasScannedForEncodings = 0;
			knownRegions = (
				en,
				Base,
			);
			mainGroup = 049046621BAA7C8D007EE676;
			productRefGroup = 0490466C1BAA7C8D007EE676 /* Products */;
			projectDirPath = "";
			projectRoot = "";
			targets = (
				0490466A1BAA7C8D007EE676 /* KMP1 */,
				049046801BAA7C8D007EE676 /* KMP1Tests */,
			);
		};
/* End PBXProject section */

/* Begin PBXResourcesBuildPhase section */
		049046691BAA7C8D007EE676 /* Resources */ = {
			isa = PBXResourcesBuildPhase;
			buildActionMask = 2147483647;
			files = (
				049046791BAA7C8D007EE676 /* Images.xcassets in Resources */,
				0490467C1BAA7C8D007EE676 /* Main.storyboard in Resources */,
			);
			runOnlyForDeploymentPostprocessing = 0;
		};
		0490467F1BAA7C8D007EE676 /* Resources */ = {
			isa = PBXResourcesBuildPhase;
			buildActionMask = 2147483647;
			files = (
			);
			runOnlyForDeploymentPostprocessing = 0;
		};
/* End PBXResourcesBuildPhase section */

/* Begin PBXSourcesBuildPhase section */
		049046671BAA7C8D007EE676 /* Sources */ = {
			isa = PBXSourcesBuildPhase;
			buildActionMask = 2147483647;
			files = (
				049046771BAA7C8D007EE676 /* ViewController.m in Sources */,
				049046741BAA7C8D007EE676 /* main.m in Sources */,
				049046721BAA7C8D007EE676 /* AppDelegate.m in Sources */,
			);
			runOnlyForDeploymentPostprocessing = 0;
		};
		0490467D1BAA7C8D007EE676 /* Sources */ = {
			isa = PBXSourcesBuildPhase;
			buildActionMask = 2147483647;
			files = (
				049046881BAA7C8D007EE676 /* KMP1Tests.m in Sources */,
			);
			runOnlyForDeploymentPostprocessing = 0;
		};
/* End PBXSourcesBuildPhase section */

/* Begin PBXTargetDependency section */
		049046831BAA7C8D007EE676 /* PBXTargetDependency */ = {
			isa = PBXTargetDependency;
			target = 0490466A1BAA7C8D007EE676 /* KMP1 */;
			targetProxy = 049046821BAA7C8D007EE676 /* PBXContainerItemProxy */;
		};
/* End PBXTargetDependency section */

/* Begin PBXVariantGroup section */
		0490467A1BAA7C8D007EE676 /* Main.storyboard */ = {
			isa = PBXVariantGroup;
			children = (
				0490467B1BAA7C8D007EE676 /* Base */,
			);
			name = Main.storyboard;
			sourceTree = "<group>";
		};
/* End PBXVariantGroup section */

/* Begin XCBuildConfiguration section */
		049046891BAA7C8D007EE676 /* Debug */ = {
			isa = XCBuildConfiguration;
			buildSettings = {
				ALWAYS_SEARCH_USER_PATHS = NO;
				CLANG_CXX_LANGUAGE_STANDARD = "gnu++0x";
				CLANG_CXX_LIBRARY = "libc++";
				CLANG_ENABLE_MODULES = YES;
				CLANG_ENABLE_OBJC_ARC = YES;
				CLANG_WARN_BOOL_CONVERSION = YES;
				CLANG_WARN_CONSTANT_CONVERSION = YES;
				CLANG_WARN_DIRECT_OBJC_ISA_USAGE = YES_ERROR;
				CLANG_WARN_EMPTY_BODY = YES;
				CLANG_WARN_ENUM_CONVERSION = YES;
				CLANG_WARN_INT_CONVERSION = YES;
				CLANG_WARN_OBJC_ROOT_CLASS = YES_ERROR;
				CLANG_WARN_UNREACHABLE_CODE = YES;
				CLANG_WARN__DUPLICATE_METHOD_MATCH = YES;
				CODE_SIGN_IDENTITY = "-";
				COPY_PHASE_STRIP = NO;
				DEBUG_INFORMATION_FORMAT = dwarf;
				ENABLE_STRICT_OBJC_MSGSEND = YES;
				GCC_C_LANGUAGE_STANDARD = gnu99;
				GCC_DYNAMIC_NO_PIC = NO;
				GCC_NO_COMMON_BLOCKS = YES;
				GCC_OPTIMIZATION_LEVEL = 0;
				GCC_PREPROCESSOR_DEFINITIONS = (
					"DEBUG=1",
					"$(inherited)",
				);
				GCC_SYMBOLS_PRIVATE_EXTERN = NO;
				GCC_WARN_64_TO_32_BIT_CONVERSION = YES;
				GCC_WARN_ABOUT_RETURN_TYPE = YES_ERROR;
				GCC_WARN_UNDECLARED_SELECTOR = YES;
				GCC_WARN_UNINITIALIZED_AUTOS = YES_AGGRESSIVE;
				GCC_WARN_UNUSED_FUNCTION = YES;
				GCC_WARN_UNUSED_VARIABLE = YES;
				MACOSX_DEPLOYMENT_TARGET = 10.10;
				MTL_ENABLE_DEBUG_INFO = YES;
				ONLY_ACTIVE_ARCH = YES;
				SDKROOT = macosx;
			};
			name = Debug;
		};
		0490468A1BAA7C8D007EE676 /* Release */ = {
			isa = XCBuildConfiguration;
			buildSettings = {
				ALWAYS_SEARCH_USER_PATHS = NO;
				CLANG_CXX_LANGUAGE_STANDARD = "gnu++0x";
				CLANG_CXX_LIBRARY = "libc++";
				CLANG_ENABLE_MODULES = YES;
				CLANG_ENABLE_OBJC_ARC = YES;
				CLANG_WARN_BOOL_CONVERSION = YES;
				CLANG_WARN_CONSTANT_CONVERSION = YES;
				CLANG_WARN_DIRECT_OBJC_ISA_USAGE = YES_ERROR;
				CLANG_WARN_EMPTY_BODY = YES;
				CLANG_WARN_ENUM_CONVERSION = YES;
				CLANG_WARN_INT_CONVERSION = YES;
				CLANG_WARN_OBJC_ROOT_CLASS = YES_ERROR;
				CLANG_WARN_UNREACHABLE_CODE = YES;
				CLANG_WARN__DUPLICATE_METHOD_MATCH = YES;
				CODE_SIGN_IDENTITY = "-";
				COPY_PHASE_STRIP = NO;
				DEBUG_INFORMATION_FORMAT = "dwarf-with-dsym";
				ENABLE_NS_ASSERTIONS = NO;
				ENABLE_STRICT_OBJC_MSGSEND = YES;
				GCC_C_LANGUAGE_STANDARD = gnu99;
				GCC_NO_COMMON_BLOCKS = YES;
				GCC_WARN_64_TO_32_BIT_CONVERSION = YES;
				GCC_WARN_ABOUT_RETURN_TYPE = YES_ERROR;
				GCC_WARN_UNDECLARED_SELECTOR = YES;
				GCC_WARN_UNINITIALIZED_AUTOS = YES_AGGRESSIVE;
				GCC_WARN_UNUSED_FUNCTION = YES;
				GCC_WARN_UNUSED_VARIABLE = YES;
				MACOSX_DEPLOYMENT_TARGET = 10.10;
				MTL_ENABLE_DEBUG_INFO = NO;
				SDKROOT = macosx;
			};
			name = Release;
		};
		0490468C1BAA7C8D007EE676 /* Debug */ = {
			isa = XCBuildConfiguration;
			buildSettings = {
				ASSETCATALOG_COMPILER_APPICON_NAME = AppIcon;
				COMBINE_HIDPI_IMAGES = YES;
				INFOPLIST_FILE = KMP1/Info.plist;
				LD_RUNPATH_SEARCH_PATHS = "$(inherited) @executable_path/../Frameworks";
				PRODUCT_NAME = KMP1;
			};
			name = Debug;
		};
		0490468D1BAA7C8D007EE676 /* Release */ = {
			isa = XCBuildConfiguration;
			buildSettings = {
				ASSETCATALOG_COMPILER_APPICON_NAME = AppIcon;
				COMBINE_HIDPI_IMAGES = YES;
				INFOPLIST_FILE = KMP1/Info.plist;
				LD_RUNPATH_SEARCH_PATHS = "$(inherited) @executable_path/../Frameworks";
				PRODUCT_NAME = KMP1;
			};
			name = Release;
		};
		0490468F1BAA7C8D007EE676 /* Debug */ = {
			isa = XCBuildConfiguration;
			buildSettings = {
				BUNDLE_LOADER = "$(TEST_HOST)";
				COMBINE_HIDPI_IMAGES = YES;
				FRAMEWORK_SEARCH_PATHS = (
					"$(DEVELOPER_FRAMEWORKS_DIR)",
					"$(inherited)",
				);
				GCC_PREPROCESSOR_DEFINITIONS = (
					"DEBUG=1",
					"$(inherited)",
				);
				INFOPLIST_FILE = KMP1Tests/Info.plist;
				LD_RUNPATH_SEARCH_PATHS = "$(inherited) @executable_path/../Frameworks @loader_path/../Frameworks";
				PRODUCT_NAME = KMP1Tests;
				TEST_HOST = "$(BUILT_PRODUCTS_DIR)/KMP1.app/Contents/MacOS/KMP1";
			};
			name = Debug;
		};
		049046901BAA7C8D007EE676 /* Release */ = {
			isa = XCBuildConfiguration;
			buildSettings = {
				BUNDLE_LOADER = "$(TEST_HOST)";
				COMBINE_HIDPI_IMAGES = YES;
				FRAMEWORK_SEARCH_PATHS = (
					"$(DEVELOPER_FRAMEWORKS_DIR)",
					"$(inherited)",
				);
				INFOPLIST_FILE = KMP1Tests/Info.plist;
				LD_RUNPATH_SEARCH_PATHS = "$(inherited) @executable_path/../Frameworks @loader_path/../Frameworks";
				PRODUCT_NAME = KMP1Tests;
				TEST_HOST = "$(BUILT_PRODUCTS_DIR)/KMP1.app/Contents/MacOS/KMP1";
			};
			name = Release;
		};
/* End XCBuildConfiguration section */

/* Begin XCConfigurationList section */
		049046661BAA7C8D007EE676 /* Build configuration list for PBXProject "KMP1" */ = {
			isa = XCConfigurationList;
			buildConfigurations = (
				049046891BAA7C8D007EE676 /* Debug */,
				0490468A1BAA7C8D007EE676 /* Release */,
			);
			defaultConfigurationIsVisible = 0;
			defaultConfigurationName = Release;
		};
		0490468B1BAA7C8D007EE676 /* Build configuration list for PBXNativeTarget "KMP1" */ = {
			isa = XCConfigurationList;
			buildConfigurations = (
				0490468C1BAA7C8D007EE676 /* Debug */,
				0490468D1BAA7C8D007EE676 /* Release */,
			);
			defaultConfigurationIsVisible = 0;
			defaultConfigurationName = Release;
		};
		0490468E1BAA7C8D007EE676 /* Build configuration list for PBXNativeTarget "KMP1Tests" */ = {
			isa = XCConfigurationList;
			buildConfigurations = (
				0490468F1BAA7C8D007EE676 /* Debug */,
				049046901BAA7C8D007EE676 /* Release */,
			);
			defaultConfigurationIsVisible = 0;
			defaultConfigurationName = Release;
		};
/* End XCConfigurationList section */
	};
	rootObject = 049046631BAA7C8D007EE676 /* Project object */;
}
